
Microsoft Visual Studio Solution File, Format Version 12.00
# Visual Studio Version 16
VisualStudioVersion = 16.0.30011.22
MinimumVisualStudioVersion = 10.0.40219.1
Project("{9A19103F-16F7-4668-BE54-9A1E7A4F7556}") = "Business", "Business\Business.csproj", "{D17BF4FB-21E3-4DE7-A5BC-9704FFFF85D2}"
EndProject
Project("{9A19103F-16F7-4668-BE54-9A1E7A4F7556}") = "DataAccess", "DataAccess\DataAccess.csproj", "{D05B28B7-54A3-46B8-B1A3-75D6A6F4CA8C}"
EndProject
Project("{9A19103F-16F7-4668-BE54-9A1E7A4F7556}") = "Entities", "Entities\Entities.csproj", "{B1A14194-06EB-44CB-8623-AA5E63A4C71B}"
EndProject
Project("{9A19103F-16F7-4668-BE54-9A1E7A4F7556}") = "ConsoleUI", "ConsoleUI\ConsoleUI.csproj", "{6766C566-3CDA-44FD-AB3F-601C281C1A65}"
EndProject
Project("{9A19103F-16F7-4668-BE54-9A1E7A4F7556}") = "Core", "Core\Core.csproj", "{55FF45D3-0537-420F-83EA-B6AEF80D6BDB}"
EndProject
Project("{FAE04EC0-301F-11D3-BF4B-00C04F79EFBC}") = "WebAPI", "WebAPI\WebAPI.csproj", "{4FDC77FF-52D8-4EDC-A209-CC1C69C6DA5B}"
EndProject
Global
	GlobalSection(SolutionConfigurationPlatforms) = preSolution
		Debug|Any CPU = Debug|Any CPU
		Release|Any CPU = Release|Any CPU
	EndGlobalSection
	GlobalSection(ProjectConfigurationPlatforms) = postSolution
		{D17BF4FB-21E3-4DE7-A5BC-9704FFFF85D2}.Debug|Any CPU.ActiveCfg = Debug|Any CPU
		{D17BF4FB-21E3-4DE7-A5BC-9704FFFF85D2}.Debug|Any CPU.Build.0 = Debug|Any CPU
		{D17BF4FB-21E3-4DE7-A5BC-9704FFFF85D2}.Release|Any CPU.ActiveCfg = Release|Any CPU
		{D17BF4FB-21E3-4DE7-A5BC-9704FFFF85D2}.Release|Any CPU.Build.0 = Release|Any CPU
		{D05B28B7-54A3-46B8-B1A3-75D6A6F4CA8C}.Debug|Any CPU.ActiveCfg = Debug|Any CPU
		{D05B28B7-54A3-46B8-B1A3-75D6A6F4CA8C}.Debug|Any CPU.Build.0 = Debug|Any CPU
		{D05B28B7-54A3-46B8-B1A3-75D6A6F4CA8C}.Release|Any CPU.ActiveCfg = Release|Any CPU
		{D05B28B7-54A3-46B8-B1A3-75D6A6F4CA8C}.Release|Any CPU.Build.0 = Release|Any CPU
		{B1A14194-06EB-44CB-8623-AA5E63A4C71B}.Debug|Any CPU.ActiveCfg = Debug|Any CPU
		{B1A14194-06EB-44CB-8623-AA5E63A4C71B}.Debug|Any CPU.Build.0 = Debug|Any CPU
		{B1A14194-06EB-44CB-8623-AA5E63A4C71B}.Release|Any CPU.ActiveCfg = Release|Any CPU
		{B1A14194-06EB-44CB-8623-AA5E63A4C71B}.Release|Any CPU.Build.0 = Release|Any CPU
		{6766C566-3CDA-44FD-AB3F-601C281C1A65}.Debug|Any CPU.ActiveCfg = Debug|Any CPU
		{6766C566-3CDA-44FD-AB3F-601C281C1A65}.Debug|Any CPU.Build.0 = Debug|Any CPU
		{6766C566-3CDA-44FD-AB3F-601C281C1A65}.Release|Any CPU.ActiveCfg = Release|Any CPU
		{6766C566-3CDA-44FD-AB3F-601C281C1A65}.Release|Any CPU.Build.0 = Release|Any CPU
		{55FF45D3-0537-420F-83EA-B6AEF80D6BDB}.Debug|Any CPU.ActiveCfg = Debug|Any CPU
		{55FF45D3-0537-420F-83EA-B6AEF80D6BDB}.Debug|Any CPU.Build.0 = Debug|Any CPU
		{55FF45D3-0537-420F-83EA-B6AEF80D6BDB}.Release|Any CPU.ActiveCfg = Release|Any CPU
		{55FF45D3-0537-420F-83EA-B6AEF80D6BDB}.Release|Any CPU.Build.0 = Release|Any CPU
		{4FDC77FF-52D8-4EDC-A209-CC1C69C6DA5B}.Debug|Any CPU.ActiveCfg = Debug|Any CPU
		{4FDC77FF-52D8-4EDC-A209-CC1C69C6DA5B}.Debug|Any CPU.Build.0 = Debug|Any CPU
		{4FDC77FF-52D8-4EDC-A209-CC1C69C6DA5B}.Release|Any CPU.ActiveCfg = Release|Any CPU
		{4FDC77FF-52D8-4EDC-A209-CC1C69C6DA5B}.Release|Any CPU.Build.0 = Release|Any CPU
	EndGlobalSection
	GlobalSection(SolutionProperties) = preSolution
		HideSolutionNode = FALSE
	EndGlobalSection
	GlobalSection(ExtensibilityGlobals) = postSolution
		SolutionGuid = {CC2F915E-3406-444F-BD21-4F868D510896}
	EndGlobalSection
EndGlobal
